
Microsoft Visual Studio Solution File, Format Version 12.00
# Visual Studio Version 16
VisualStudioVersion = 16.0.29230.47
MinimumVisualStudioVersion = 10.0.40219.1
Project("{9A19103F-16F7-4668-BE54-9A1E7A4F7556}") = "iRental.Domain", "iRental.Domain\iRental.Domain.csproj", "{3121715B-AD2F-4A95-A339-0A7160A6EFAB}"
EndProject
Project("{9A19103F-16F7-4668-BE54-9A1E7A4F7556}") = "iRental.BusinessLogicLayer", "iRental.BusinessLogicLayer\iRental.BusinessLogicLayer.csproj", "{BA933380-462A-4D10-B8A0-087DF6511489}"
EndProject
Project("{2150E333-8FDC-42A3-9474-1A3956D46DE8}") = "Core", "Core", "{7DD3410C-6642-468B-B946-2A930BDE13BB}"
EndProject
Project("{2150E333-8FDC-42A3-9474-1A3956D46DE8}") = "Persistence", "Persistence", "{8E743F9C-4DC2-4BE9-8AAC-D16BA8B2F33C}"
EndProject
Project("{2150E333-8FDC-42A3-9474-1A3956D46DE8}") = "Src", "Src", "{AC168EC9-8950-4FCC-A054-75E45A7F08B4}"
EndProject
Project("{2150E333-8FDC-42A3-9474-1A3956D46DE8}") = "Presentation", "Presentation", "{91E6EAA7-34F1-42ED-B828-68F01A2ACA01}"
EndProject
Project("{9A19103F-16F7-4668-BE54-9A1E7A4F7556}") = "iRental.Presentation", "iRental.Presentation\iRental.Presentation.csproj", "{62BB16DF-9C73-4112-8310-FBDB1282CFFF}"
EndProject
Project("{2150E333-8FDC-42A3-9474-1A3956D46DE8}") = "Tests", "Tests", "{31AAAE69-C8CB-4532-AA60-D5D65772E856}"
EndProject
Project("{9A19103F-16F7-4668-BE54-9A1E7A4F7556}") = "iRental.Repository.Firestore", "iRental.Repository.Firestore\iRental.Repository.Firestore.csproj", "{CFBCD46F-0A31-41D3-9A32-2732137CBE6B}"
EndProject
Project("{9A19103F-16F7-4668-BE54-9A1E7A4F7556}") = "iRental.ViewModel", "iRental.ViewModel\iRental.ViewModel.csproj", "{B35FF444-6156-4CA4-AD1A-1981001C4959}"
EndProject
Project("{9A19103F-16F7-4668-BE54-9A1E7A4F7556}") = "iRental.Client", "iRental.Client\iRental.Client.csproj", "{4960E8C1-3AF4-4A34-917C-518580DC9138}"
EndProject
Project("{9A19103F-16F7-4668-BE54-9A1E7A4F7556}") = "iRental.Common", "iRental.Common\iRental.Common.csproj", "{A2FEB3EB-76E3-45D8-B53E-1C5BE85AC5D7}"
EndProject
Project("{FAE04EC0-301F-11D3-BF4B-00C04F79EFBC}") = "iRental.Repository.Firestore.Test", "iRental.Repository.Firestore.Test\iRental.Repository.Firestore.Test.csproj", "{DE07DDD6-6429-43B8-B75C-6BB64CC7AF5C}"
EndProject
Global
	GlobalSection(SolutionConfigurationPlatforms) = preSolution
		Debug|Any CPU = Debug|Any CPU
		Release|Any CPU = Release|Any CPU
	EndGlobalSection
	GlobalSection(ProjectConfigurationPlatforms) = postSolution
		{3121715B-AD2F-4A95-A339-0A7160A6EFAB}.Debug|Any CPU.ActiveCfg = Debug|Any CPU
		{3121715B-AD2F-4A95-A339-0A7160A6EFAB}.Debug|Any CPU.Build.0 = Debug|Any CPU
		{3121715B-AD2F-4A95-A339-0A7160A6EFAB}.Release|Any CPU.ActiveCfg = Release|Any CPU
		{3121715B-AD2F-4A95-A339-0A7160A6EFAB}.Release|Any CPU.Build.0 = Release|Any CPU
		{BA933380-462A-4D10-B8A0-087DF6511489}.Debug|Any CPU.ActiveCfg = Debug|Any CPU
		{BA933380-462A-4D10-B8A0-087DF6511489}.Debug|Any CPU.Build.0 = Debug|Any CPU
		{BA933380-462A-4D10-B8A0-087DF6511489}.Release|Any CPU.ActiveCfg = Release|Any CPU
		{BA933380-462A-4D10-B8A0-087DF6511489}.Release|Any CPU.Build.0 = Release|Any CPU
		{62BB16DF-9C73-4112-8310-FBDB1282CFFF}.Debug|Any CPU.ActiveCfg = Debug|Any CPU
		{62BB16DF-9C73-4112-8310-FBDB1282CFFF}.Debug|Any CPU.Build.0 = Debug|Any CPU
		{62BB16DF-9C73-4112-8310-FBDB1282CFFF}.Release|Any CPU.ActiveCfg = Release|Any CPU
		{62BB16DF-9C73-4112-8310-FBDB1282CFFF}.Release|Any CPU.Build.0 = Release|Any CPU
		{CFBCD46F-0A31-41D3-9A32-2732137CBE6B}.Debug|Any CPU.ActiveCfg = Debug|Any CPU
		{CFBCD46F-0A31-41D3-9A32-2732137CBE6B}.Debug|Any CPU.Build.0 = Debug|Any CPU
		{CFBCD46F-0A31-41D3-9A32-2732137CBE6B}.Release|Any CPU.ActiveCfg = Release|Any CPU
		{CFBCD46F-0A31-41D3-9A32-2732137CBE6B}.Release|Any CPU.Build.0 = Release|Any CPU
		{B35FF444-6156-4CA4-AD1A-1981001C4959}.Debug|Any CPU.ActiveCfg = Debug|Any CPU
		{B35FF444-6156-4CA4-AD1A-1981001C4959}.Debug|Any CPU.Build.0 = Debug|Any CPU
		{B35FF444-6156-4CA4-AD1A-1981001C4959}.Release|Any CPU.ActiveCfg = Release|Any CPU
		{B35FF444-6156-4CA4-AD1A-1981001C4959}.Release|Any CPU.Build.0 = Release|Any CPU
		{4960E8C1-3AF4-4A34-917C-518580DC9138}.Debug|Any CPU.ActiveCfg = Debug|Any CPU
		{4960E8C1-3AF4-4A34-917C-518580DC9138}.Debug|Any CPU.Build.0 = Debug|Any CPU
		{4960E8C1-3AF4-4A34-917C-518580DC9138}.Release|Any CPU.ActiveCfg = Release|Any CPU
		{4960E8C1-3AF4-4A34-917C-518580DC9138}.Release|Any CPU.Build.0 = Release|Any CPU
		{A2FEB3EB-76E3-45D8-B53E-1C5BE85AC5D7}.Debug|Any CPU.ActiveCfg = Debug|Any CPU
		{A2FEB3EB-76E3-45D8-B53E-1C5BE85AC5D7}.Debug|Any CPU.Build.0 = Debug|Any CPU
		{A2FEB3EB-76E3-45D8-B53E-1C5BE85AC5D7}.Release|Any CPU.ActiveCfg = Release|Any CPU
		{A2FEB3EB-76E3-45D8-B53E-1C5BE85AC5D7}.Release|Any CPU.Build.0 = Release|Any CPU
		{DE07DDD6-6429-43B8-B75C-6BB64CC7AF5C}.Debug|Any CPU.ActiveCfg = Debug|Any CPU
		{DE07DDD6-6429-43B8-B75C-6BB64CC7AF5C}.Debug|Any CPU.Build.0 = Debug|Any CPU
		{DE07DDD6-6429-43B8-B75C-6BB64CC7AF5C}.Release|Any CPU.ActiveCfg = Release|Any CPU
		{DE07DDD6-6429-43B8-B75C-6BB64CC7AF5C}.Release|Any CPU.Build.0 = Release|Any CPU
	EndGlobalSection
	GlobalSection(SolutionProperties) = preSolution
		HideSolutionNode = FALSE
	EndGlobalSection
	GlobalSection(NestedProjects) = preSolution
		{3121715B-AD2F-4A95-A339-0A7160A6EFAB} = {7DD3410C-6642-468B-B946-2A930BDE13BB}
		{BA933380-462A-4D10-B8A0-087DF6511489} = {7DD3410C-6642-468B-B946-2A930BDE13BB}
		{7DD3410C-6642-468B-B946-2A930BDE13BB} = {AC168EC9-8950-4FCC-A054-75E45A7F08B4}
		{8E743F9C-4DC2-4BE9-8AAC-D16BA8B2F33C} = {AC168EC9-8950-4FCC-A054-75E45A7F08B4}
		{91E6EAA7-34F1-42ED-B828-68F01A2ACA01} = {AC168EC9-8950-4FCC-A054-75E45A7F08B4}
		{62BB16DF-9C73-4112-8310-FBDB1282CFFF} = {91E6EAA7-34F1-42ED-B828-68F01A2ACA01}
		{CFBCD46F-0A31-41D3-9A32-2732137CBE6B} = {8E743F9C-4DC2-4BE9-8AAC-D16BA8B2F33C}
		{B35FF444-6156-4CA4-AD1A-1981001C4959} = {7DD3410C-6642-468B-B946-2A930BDE13BB}
		{4960E8C1-3AF4-4A34-917C-518580DC9138} = {8E743F9C-4DC2-4BE9-8AAC-D16BA8B2F33C}
		{A2FEB3EB-76E3-45D8-B53E-1C5BE85AC5D7} = {7DD3410C-6642-468B-B946-2A930BDE13BB}
		{DE07DDD6-6429-43B8-B75C-6BB64CC7AF5C} = {31AAAE69-C8CB-4532-AA60-D5D65772E856}
	EndGlobalSection
	GlobalSection(ExtensibilityGlobals) = postSolution
		SolutionGuid = {61798F88-F126-4B47-84F4-1A4A059DEED6}
	EndGlobalSection
EndGlobal
